
Microsoft Visual Studio Solution File, Format Version 12.00
# Visual Studio Version 17
VisualStudioVersion = 17.7.34031.279
MinimumVisualStudioVersion = 10.0.40219.1
Project("{9A19103F-16F7-4668-BE54-9A1E7A4F7556}") = "ProyectoFutbol", "ProyectoFutbol\ProyectoFutbol.csproj", "{2C639794-9D2D-4BF9-9CE5-73B17C6176E7}"
EndProject
Project("{9A19103F-16F7-4668-BE54-9A1E7A4F7556}") = "Modelos", "Modelos\Modelos.csproj", "{2B2DB056-E084-4F18-9DF9-D784A6D23324}"
EndProject
Project("{9A19103F-16F7-4668-BE54-9A1E7A4F7556}") = "Services", "Services\Services.csproj", "{AEEA0528-B86E-47BE-AB34-F4C5FF21466C}"
EndProject
Global
	GlobalSection(SolutionConfigurationPlatforms) = preSolution
		Debug|Any CPU = Debug|Any CPU
		Release|Any CPU = Release|Any CPU
	EndGlobalSection
	GlobalSection(ProjectConfigurationPlatforms) = postSolution
		{2C639794-9D2D-4BF9-9CE5-73B17C6176E7}.Debug|Any CPU.ActiveCfg = Debug|Any CPU
		{2C639794-9D2D-4BF9-9CE5-73B17C6176E7}.Debug|Any CPU.Build.0 = Debug|Any CPU
		{2C639794-9D2D-4BF9-9CE5-73B17C6176E7}.Release|Any CPU.ActiveCfg = Release|Any CPU
		{2C639794-9D2D-4BF9-9CE5-73B17C6176E7}.Release|Any CPU.Build.0 = Release|Any CPU
		{2B2DB056-E084-4F18-9DF9-D784A6D23324}.Debug|Any CPU.ActiveCfg = Debug|Any CPU
		{2B2DB056-E084-4F18-9DF9-D784A6D23324}.Debug|Any CPU.Build.0 = Debug|Any CPU
		{2B2DB056-E084-4F18-9DF9-D784A6D23324}.Release|Any CPU.ActiveCfg = Release|Any CPU
		{2B2DB056-E084-4F18-9DF9-D784A6D23324}.Release|Any CPU.Build.0 = Release|Any CPU
		{AEEA0528-B86E-47BE-AB34-F4C5FF21466C}.Debug|Any CPU.ActiveCfg = Debug|Any CPU
		{AEEA0528-B86E-47BE-AB34-F4C5FF21466C}.Debug|Any CPU.Build.0 = Debug|Any CPU
		{AEEA0528-B86E-47BE-AB34-F4C5FF21466C}.Release|Any CPU.ActiveCfg = Release|Any CPU
		{AEEA0528-B86E-47BE-AB34-F4C5FF21466C}.Release|Any CPU.Build.0 = Release|Any CPU
	EndGlobalSection
	GlobalSection(SolutionProperties) = preSolution
		HideSolutionNode = FALSE
	EndGlobalSection
	GlobalSection(ExtensibilityGlobals) = postSolution
		SolutionGuid = {047D7EDE-EA64-4723-B028-8602400F2255}
	EndGlobalSection
EndGlobal
