
Microsoft Visual Studio Solution File, Format Version 12.00
# Visual Studio Version 17
VisualStudioVersion = 17.8.34525.116
MinimumVisualStudioVersion = 10.0.40219.1
Project("{FAE04EC0-301F-11D3-BF4B-00C04F79EFBC}") = "PRUEBA_EXAMEN_API", "PRUEBA_EXAMEN_API.csproj", "{7958058C-209C-472B-BAD5-2E1474449A32}"
EndProject
Global
	GlobalSection(SolutionConfigurationPlatforms) = preSolution
		Debug|Any CPU = Debug|Any CPU
		Release|Any CPU = Release|Any CPU
	EndGlobalSection
	GlobalSection(ProjectConfigurationPlatforms) = postSolution
		{7958058C-209C-472B-BAD5-2E1474449A32}.Debug|Any CPU.ActiveCfg = Debug|Any CPU
		{7958058C-209C-472B-BAD5-2E1474449A32}.Debug|Any CPU.Build.0 = Debug|Any CPU
		{7958058C-209C-472B-BAD5-2E1474449A32}.Release|Any CPU.ActiveCfg = Release|Any CPU
		{7958058C-209C-472B-BAD5-2E1474449A32}.Release|Any CPU.Build.0 = Release|Any CPU
	EndGlobalSection
	GlobalSection(SolutionProperties) = preSolution
		HideSolutionNode = FALSE
	EndGlobalSection
	GlobalSection(ExtensibilityGlobals) = postSolution
		SolutionGuid = {020CFDFD-4B4A-427E-9A45-DE3ECC626C16}
	EndGlobalSection
EndGlobal
