
Microsoft Visual Studio Solution File, Format Version 12.00
# Visual Studio Version 17
VisualStudioVersion = 17.8.34525.116
MinimumVisualStudioVersion = 10.0.40219.1
Project("{FAE04EC0-301F-11D3-BF4B-00C04F79EFBC}") = "AlumnoAPI", "AlumnoAPI.csproj", "{5F01C1FB-C06E-4C5E-9712-69B9C208C00A}"
EndProject
Global
	GlobalSection(SolutionConfigurationPlatforms) = preSolution
		Debug|Any CPU = Debug|Any CPU
		Release|Any CPU = Release|Any CPU
	EndGlobalSection
	GlobalSection(ProjectConfigurationPlatforms) = postSolution
		{5F01C1FB-C06E-4C5E-9712-69B9C208C00A}.Debug|Any CPU.ActiveCfg = Debug|Any CPU
		{5F01C1FB-C06E-4C5E-9712-69B9C208C00A}.Debug|Any CPU.Build.0 = Debug|Any CPU
		{5F01C1FB-C06E-4C5E-9712-69B9C208C00A}.Release|Any CPU.ActiveCfg = Release|Any CPU
		{5F01C1FB-C06E-4C5E-9712-69B9C208C00A}.Release|Any CPU.Build.0 = Release|Any CPU
	EndGlobalSection
	GlobalSection(SolutionProperties) = preSolution
		HideSolutionNode = FALSE
	EndGlobalSection
	GlobalSection(ExtensibilityGlobals) = postSolution
		SolutionGuid = {7E18373F-B840-4580-A55A-75FBB0094F10}
	EndGlobalSection
EndGlobal
