
Microsoft Visual Studio Solution File, Format Version 12.00
# Visual Studio Version 17
VisualStudioVersion = 17.7.34031.279
MinimumVisualStudioVersion = 10.0.40219.1
Project("{9A19103F-16F7-4668-BE54-9A1E7A4F7556}") = "RazorPages", "RazorPages\RazorPages.csproj", "{FFF4EF02-EA88-4794-BB3D-B8C6FE300B16}"
EndProject
Project("{9A19103F-16F7-4668-BE54-9A1E7A4F7556}") = "RazorPages.Modelos", "RazorPages.Modelos\RazorPages.Modelos.csproj", "{1334BC11-1D98-48AA-984C-93E9ED9566D9}"
EndProject
Project("{9A19103F-16F7-4668-BE54-9A1E7A4F7556}") = "RazorPages.Services", "RazorPages.Services\RazorPages.Services.csproj", "{6C9C3C03-8EF5-4DF2-A975-5ACF8CA0BBA2}"
EndProject
Global
	GlobalSection(SolutionConfigurationPlatforms) = preSolution
		Debug|Any CPU = Debug|Any CPU
		Release|Any CPU = Release|Any CPU
	EndGlobalSection
	GlobalSection(ProjectConfigurationPlatforms) = postSolution
		{FFF4EF02-EA88-4794-BB3D-B8C6FE300B16}.Debug|Any CPU.ActiveCfg = Debug|Any CPU
		{FFF4EF02-EA88-4794-BB3D-B8C6FE300B16}.Debug|Any CPU.Build.0 = Debug|Any CPU
		{FFF4EF02-EA88-4794-BB3D-B8C6FE300B16}.Release|Any CPU.ActiveCfg = Release|Any CPU
		{FFF4EF02-EA88-4794-BB3D-B8C6FE300B16}.Release|Any CPU.Build.0 = Release|Any CPU
		{1334BC11-1D98-48AA-984C-93E9ED9566D9}.Debug|Any CPU.ActiveCfg = Debug|Any CPU
		{1334BC11-1D98-48AA-984C-93E9ED9566D9}.Debug|Any CPU.Build.0 = Debug|Any CPU
		{1334BC11-1D98-48AA-984C-93E9ED9566D9}.Release|Any CPU.ActiveCfg = Release|Any CPU
		{1334BC11-1D98-48AA-984C-93E9ED9566D9}.Release|Any CPU.Build.0 = Release|Any CPU
		{6C9C3C03-8EF5-4DF2-A975-5ACF8CA0BBA2}.Debug|Any CPU.ActiveCfg = Debug|Any CPU
		{6C9C3C03-8EF5-4DF2-A975-5ACF8CA0BBA2}.Debug|Any CPU.Build.0 = Debug|Any CPU
		{6C9C3C03-8EF5-4DF2-A975-5ACF8CA0BBA2}.Release|Any CPU.ActiveCfg = Release|Any CPU
		{6C9C3C03-8EF5-4DF2-A975-5ACF8CA0BBA2}.Release|Any CPU.Build.0 = Release|Any CPU
	EndGlobalSection
	GlobalSection(SolutionProperties) = preSolution
		HideSolutionNode = FALSE
	EndGlobalSection
	GlobalSection(ExtensibilityGlobals) = postSolution
		SolutionGuid = {3BD6F098-13EE-469D-95BF-236FE3EEDCC1}
	EndGlobalSection
EndGlobal
